
Microsoft Visual Studio Solution File, Format Version 12.00
# Visual Studio Version 16
VisualStudioVersion = 16.0.29215.179
MinimumVisualStudioVersion = 10.0.40219.1
Project("{FAE04EC0-301F-11D3-BF4B-00C04F79EFBC}") = "HotelSystem", "HotelSystem\HotelSystem.csproj", "{608E6D99-F3C3-44FE-B91B-48470F24FA8B}"
EndProject
Global
	GlobalSection(SolutionConfigurationPlatforms) = preSolution
		Debug|Any CPU = Debug|Any CPU
		Release|Any CPU = Release|Any CPU
	EndGlobalSection
	GlobalSection(ProjectConfigurationPlatforms) = postSolution
		{608E6D99-F3C3-44FE-B91B-48470F24FA8B}.Debug|Any CPU.ActiveCfg = Debug|Any CPU
		{608E6D99-F3C3-44FE-B91B-48470F24FA8B}.Debug|Any CPU.Build.0 = Debug|Any CPU
		{608E6D99-F3C3-44FE-B91B-48470F24FA8B}.Release|Any CPU.ActiveCfg = Release|Any CPU
		{608E6D99-F3C3-44FE-B91B-48470F24FA8B}.Release|Any CPU.Build.0 = Release|Any CPU
	EndGlobalSection
	GlobalSection(SolutionProperties) = preSolution
		HideSolutionNode = FALSE
	EndGlobalSection
	GlobalSection(ExtensibilityGlobals) = postSolution
		SolutionGuid = {AE2706E5-0CC6-44DD-8D99-F1D6E19652AA}
	EndGlobalSection
EndGlobal
